<?xml version="1.0" encoding="utf-8"?>
<Project ToolsVersion="4.0" xmlns="http://schemas.microsoft.com/developer/msbuild/2003">
  <ItemGroup>
    <Filter Include="Source Files">
      <UniqueIdentifier>{4FC737F1-C7A5-4376-A066-2A32D752A2FF}</UniqueIdentifier>
      <Extensions>cpp;c;cc;cxx;def;odl;idl;hpj;bat;asm;asmx</Extensions>
    </Filter>
    <Filter Include="Header Files">
      <UniqueIdentifier>{93995380-89BD-4b04-88EB-625FBE52EBFB}</UniqueIdentifier>
      <Extensions>h;hpp;hxx;hm;inl;inc;xsd</Extensions>
    </Filter>
    <Filter Include="Resource Files">
      <UniqueIdentifier>{67DA6AB6-F800-4c08-8B7A-83BB121AAD01}</UniqueIdentifier>
      <Extensions>rc;ico;cur;bmp;dlg;rc2;rct;bin;rgs;gif;jpg;jpeg;jpe;resx;tiff;tif;png;wav;mfcribbon-ms</Extensions>
    </Filter>
    <Filter Include="NewFilter1">
      <UniqueIdentifier>{baed6c9a-2616-475d-b5d6-5e197d8bbae7}</UniqueIdentifier>
    </Filter>
  </ItemGroup>
  <ItemGroup>
    <ClCompile Include="BRobot.cpp">
      <Filter>Source Files</Filter>
    </ClCompile>
    <ClCompile Include="D:\Webots\projects\languages\cpp\src\Accelerometer.cpp">
      <Filter>NewFilter1</Filter>
    </ClCompile>
    <ClCompile Include="D:\Webots\projects\languages\cpp\src\Camera.cpp">
      <Filter>NewFilter1</Filter>
    </ClCompile>
    <ClCompile Include="D:\Webots\projects\languages\cpp\src\Compass.cpp">
      <Filter>NewFilter1</Filter>
    </ClCompile>
    <ClCompile Include="D:\Webots\projects\languages\cpp\src\Connector.cpp">
      <Filter>NewFilter1</Filter>
    </ClCompile>
    <ClCompile Include="D:\Webots\projects\languages\cpp\src\Device.cpp">
      <Filter>NewFilter1</Filter>
    </ClCompile>
    <ClCompile Include="D:\Webots\projects\languages\cpp\src\DifferentialWheels.cpp">
      <Filter>NewFilter1</Filter>
    </ClCompile>
    <ClCompile Include="D:\Webots\projects\languages\cpp\src\Display.cpp">
      <Filter>NewFilter1</Filter>
    </ClCompile>
    <ClCompile Include="D:\Webots\projects\languages\cpp\src\DistanceSensor.cpp">
      <Filter>NewFilter1</Filter>
    </ClCompile>
    <ClCompile Include="D:\Webots\projects\languages\cpp\src\Emitter.cpp">
      <Filter>NewFilter1</Filter>
    </ClCompile>
    <ClCompile Include="D:\Webots\projects\languages\cpp\src\Field.cpp">
      <Filter>NewFilter1</Filter>
    </ClCompile>
    <ClCompile Include="D:\Webots\projects\languages\cpp\src\GPS.cpp">
      <Filter>NewFilter1</Filter>
    </ClCompile>
    <ClCompile Include="D:\Webots\projects\languages\cpp\src\Gyro.cpp">
      <Filter>NewFilter1</Filter>
    </ClCompile>
    <ClCompile Include="D:\Webots\projects\languages\cpp\src\LED.cpp">
      <Filter>NewFilter1</Filter>
    </ClCompile>
    <ClCompile Include="D:\Webots\projects\languages\cpp\src\LightSensor.cpp">
      <Filter>NewFilter1</Filter>
    </ClCompile>
    <ClCompile Include="D:\Webots\projects\languages\cpp\src\Motion.cpp">
      <Filter>NewFilter1</Filter>
    </ClCompile>
    <ClCompile Include="D:\Webots\projects\languages\cpp\src\Node.cpp">
      <Filter>NewFilter1</Filter>
    </ClCompile>
    <ClCompile Include="D:\Webots\projects\languages\cpp\src\Pen.cpp">
      <Filter>NewFilter1</Filter>
    </ClCompile>
    <ClCompile Include="D:\Webots\projects\languages\cpp\src\Receiver.cpp">
      <Filter>NewFilter1</Filter>
    </ClCompile>
    <ClCompile Include="D:\Webots\projects\languages\cpp\src\Robot.cpp">
      <Filter>NewFilter1</Filter>
    </ClCompile>
    <ClCompile Include="D:\Webots\projects\languages\cpp\src\Servo.cpp">
      <Filter>NewFilter1</Filter>
    </ClCompile>
    <ClCompile Include="D:\Webots\projects\languages\cpp\src\Supervisor.cpp">
      <Filter>NewFilter1</Filter>
    </ClCompile>
    <ClCompile Include="D:\Webots\projects\languages\cpp\src\TouchSensor.cpp">
      <Filter>NewFilter1</Filter>
    </ClCompile>
  </ItemGroup>
</Project>